
Microsoft Visual Studio Solution File, Format Version 12.00
# Visual Studio Version 17
VisualStudioVersion = 17.5.33530.505
MinimumVisualStudioVersion = 10.0.40219.1
Project("{FAE04EC0-301F-11D3-BF4B-00C04F79EFBC}") = "DMD_Prototype", "DMD_Prototype\DMD_Prototype.csproj", "{DAB3E5BD-D5D8-45BF-8C45-ECB59186EF90}"
EndProject
Global
	GlobalSection(SolutionConfigurationPlatforms) = preSolution
		Debug|Any CPU = Debug|Any CPU
		Release|Any CPU = Release|Any CPU
	EndGlobalSection
	GlobalSection(ProjectConfigurationPlatforms) = postSolution
		{DAB3E5BD-D5D8-45BF-8C45-ECB59186EF90}.Debug|Any CPU.ActiveCfg = Debug|Any CPU
		{DAB3E5BD-D5D8-45BF-8C45-ECB59186EF90}.Debug|Any CPU.Build.0 = Debug|Any CPU
		{DAB3E5BD-D5D8-45BF-8C45-ECB59186EF90}.Release|Any CPU.ActiveCfg = Release|Any CPU
		{DAB3E5BD-D5D8-45BF-8C45-ECB59186EF90}.Release|Any CPU.Build.0 = Release|Any CPU
	EndGlobalSection
	GlobalSection(SolutionProperties) = preSolution
		HideSolutionNode = FALSE
	EndGlobalSection
	GlobalSection(ExtensibilityGlobals) = postSolution
		SolutionGuid = {3328B239-1CE2-4385-9FCC-F2D49598A110}
	EndGlobalSection
EndGlobal
